<Solution>
  <Configurations>
    <Platform Name="Any CPU" />
    <Platform Name="ARM64" />
    <Platform Name="x64" />
  </Configurations>
  <Project Path="smpc_dispatching.csproj" Id="430cab43-3b40-417e-97a6-bb33ee4c09e3">
    <Platform Solution="*|ARM64" Project="ARM64" />
    <Platform Solution="*|x64" Project="x64" />
    <Build Solution="*|x64" Project="false" />
    <Build Solution="Debug|Any CPU" Project="false" />
  </Project>
</Solution>
